
Microsoft Visual Studio Solution File, Format Version 12.00
# Visual Studio 15
VisualStudioVersion = 15.0.28307.1259
MinimumVisualStudioVersion = 10.0.40219.1
Project("{888888A0-9F3D-457C-B088-3A5042F75D52}") = "image_classification", "image_classification\image_classification.pyproj", "{436030C3-3A1B-4C0E-9663-4E31EE78D0FA}"
EndProject
Project("{888888A0-9F3D-457C-B088-3A5042F75D52}") = "language_modeling", "language_modeling\language_modeling.pyproj", "{223D1C30-437C-44B6-A6FE-DA8C08CB1A75}"
EndProject
Global
	GlobalSection(SolutionConfigurationPlatforms) = preSolution
		Debug|Any CPU = Debug|Any CPU
		Release|Any CPU = Release|Any CPU
	EndGlobalSection
	GlobalSection(ProjectConfigurationPlatforms) = postSolution
		{436030C3-3A1B-4C0E-9663-4E31EE78D0FA}.Debug|Any CPU.ActiveCfg = Debug|Any CPU
		{436030C3-3A1B-4C0E-9663-4E31EE78D0FA}.Release|Any CPU.ActiveCfg = Release|Any CPU
		{223D1C30-437C-44B6-A6FE-DA8C08CB1A75}.Debug|Any CPU.ActiveCfg = Debug|Any CPU
		{223D1C30-437C-44B6-A6FE-DA8C08CB1A75}.Release|Any CPU.ActiveCfg = Release|Any CPU
	EndGlobalSection
	GlobalSection(SolutionProperties) = preSolution
		HideSolutionNode = FALSE
	EndGlobalSection
	GlobalSection(ExtensibilityGlobals) = postSolution
		SolutionGuid = {0A821D3D-D369-4503-BC50-1C324409FFDF}
	EndGlobalSection
EndGlobal
